<?xml version="1.0" encoding="utf-8"?>
<Project ToolsVersion="4.0" xmlns="http://schemas.microsoft.com/developer/msbuild/2003">
  <ItemGroup>
    <Filter Include="Source Files">
      <UniqueIdentifier>{4FC737F1-C7A5-4376-A066-2A32D752A2FF}</UniqueIdentifier>
      <Extensions>cpp;c;cc;cxx;c++;cppm;ixx;def;odl;idl;hpj;bat;asm;asmx</Extensions>
    </Filter>
    <Filter Include="Header Files">
      <UniqueIdentifier>{93995380-89BD-4b04-88EB-625FBE52EBFB}</UniqueIdentifier>
      <Extensions>h;hh;hpp;hxx;h++;hm;inl;inc;ipp;xsd</Extensions>
    </Filter>
    <Filter Include="Resource Files">
      <UniqueIdentifier>{67DA6AB6-F800-4c08-8B7A-83BB121AAD01}</UniqueIdentifier>
      <Extensions>rc;ico;cur;bmp;dlg;rc2;rct;bin;rgs;gif;jpg;jpeg;jpe;resx;tiff;tif;png;wav;mfcribbon-ms</Extensions>
    </Filter>
    <Filter Include="Header Files\GL">
      <UniqueIdentifier>{814309c2-f01d-4d05-bd17-f29f50e8e828}</UniqueIdentifier>
    </Filter>
    <Filter Include="Header Files\Render">
      <UniqueIdentifier>{1c3e028d-d0a5-4281-afbe-98cde4158aa1}</UniqueIdentifier>
    </Filter>
    <Filter Include="Header Files\Simulation">
      <UniqueIdentifier>{2e6f8077-af6b-496d-980f-20583290130e}</UniqueIdentifier>
    </Filter>
  </ItemGroup>
  <ItemGroup>
    <ClCompile Include="Puddle-GLAMP.cpp">
      <Filter>Source Files</Filter>
    </ClCompile>
  </ItemGroup>
  <ItemGroup>
    <None Include="packages.config" />
    <None Include="c.py">
      <Filter>Header Files\Simulation</Filter>
    </None>
    <None Include="c2.py">
      <Filter>Header Files\Simulation</Filter>
    </None>
  </ItemGroup>
  <ItemGroup>
    <ClInclude Include="..\packages\freeglut.2.8.1.15\build\native\include\GL\freeglut.h">
      <Filter>Header Files\GL</Filter>
    </ClInclude>
    <ClInclude Include="..\packages\freeglut.2.8.1.15\build\native\include\GL\freeglut_ext.h">
      <Filter>Header Files\GL</Filter>
    </ClInclude>
    <ClInclude Include="..\packages\freeglut.2.8.1.15\build\native\include\GL\freeglut_std.h">
      <Filter>Header Files\GL</Filter>
    </ClInclude>
    <ClInclude Include="..\packages\freeglut.2.8.1.15\build\native\include\GL\glut.h">
      <Filter>Header Files\GL</Filter>
    </ClInclude>
    <ClInclude Include="App.h">
      <Filter>Header Files</Filter>
    </ClInclude>
    <ClInclude Include="Tick.h">
      <Filter>Header Files\Simulation</Filter>
    </ClInclude>
    <ClInclude Include="Camera.h">
      <Filter>Header Files\Render</Filter>
    </ClInclude>
    <ClInclude Include="Color.h">
      <Filter>Header Files\Render</Filter>
    </ClInclude>
    <ClInclude Include="Consts.h">
      <Filter>Header Files\Render</Filter>
    </ClInclude>
    <ClInclude Include="Frame.h">
      <Filter>Header Files\Render</Filter>
    </ClInclude>
    <ClInclude Include="Inputs.h">
      <Filter>Header Files\Render</Filter>
    </ClInclude>
    <ClInclude Include="vec3.h">
      <Filter>Header Files\Render</Filter>
    </ClInclude>
    <ClInclude Include="Window.h">
      <Filter>Header Files\Render</Filter>
    </ClInclude>
    <ClInclude Include="Cell.h">
      <Filter>Header Files\Simulation</Filter>
    </ClInclude>
    <ClInclude Include="World.h">
      <Filter>Header Files\Simulation</Filter>
    </ClInclude>
  </ItemGroup>
  <ItemGroup>
    <Library Include="..\packages\freeglut.2.8.1.15\build\native\lib\v110\x64\Release\dynamic\freeglut.lib">
      <Filter>Resource Files</Filter>
    </Library>
    <Library Include="..\packages\freeglut.2.8.1.15\build\native\lib\v110\x64\Release\ltcg\freeglut.lib">
      <Filter>Resource Files</Filter>
    </Library>
    <Library Include="..\packages\freeglut.2.8.1.15\build\native\lib\v110\x64\Release\static\freeglut.lib">
      <Filter>Resource Files</Filter>
    </Library>
  </ItemGroup>
  <ItemGroup>
    <CopyFileToFolders Include="..\packages\freeglut.redist.2.8.1.15\build\native\bin\v110\x64\Release\dynamic\freeglut.dll">
      <Filter>Resource Files</Filter>
    </CopyFileToFolders>
  </ItemGroup>
</Project>